
Microsoft Visual Studio Solution File, Format Version 12.00
# Visual Studio Version 17
VisualStudioVersion = 17.9.34622.214
MinimumVisualStudioVersion = 10.0.40219.1
Project("{9A19103F-16F7-4668-BE54-9A1E7A4F7556}") = "sistema", "sistema\sistema.csproj", "{3132F440-5D39-4CF7-80C5-2906F3894F2D}"
EndProject
Global
	GlobalSection(SolutionConfigurationPlatforms) = preSolution
		Debug|Any CPU = Debug|Any CPU
		Release|Any CPU = Release|Any CPU
	EndGlobalSection
	GlobalSection(ProjectConfigurationPlatforms) = postSolution
		{3132F440-5D39-4CF7-80C5-2906F3894F2D}.Debug|Any CPU.ActiveCfg = Debug|Any CPU
		{3132F440-5D39-4CF7-80C5-2906F3894F2D}.Debug|Any CPU.Build.0 = Debug|Any CPU
		{3132F440-5D39-4CF7-80C5-2906F3894F2D}.Release|Any CPU.ActiveCfg = Release|Any CPU
		{3132F440-5D39-4CF7-80C5-2906F3894F2D}.Release|Any CPU.Build.0 = Release|Any CPU
	EndGlobalSection
	GlobalSection(SolutionProperties) = preSolution
		HideSolutionNode = FALSE
	EndGlobalSection
	GlobalSection(ExtensibilityGlobals) = postSolution
		SolutionGuid = {9F6BFEA2-7C86-40F3-88C8-B800BA85C140}
	EndGlobalSection
EndGlobal
